// !$*UTF8*$!
{
	archiveVersion = 1;
	classes = {
	};
	objectVersion = 46;
	objects = {

/* Begin PBXBuildFile section */
		1DDEBEE519A74B510086F623 /* main.swift in Sources */ = {isa = PBXBuildFile; fileRef = 1DDEBEE419A74B510086F623 /* main.swift */; };
		1DDEBEE719A74B510086F623 /* TDAppDelegate.swift in Sources */ = {isa = PBXBuildFile; fileRef = 1DDEBEE619A74B510086F623 /* TDAppDelegate.swift */; };
		1DDEBEEA19A74B510086F623 /* TimeDue.xcdatamodeld in Sources */ = {isa = PBXBuildFile; fileRef = 1DDEBEE819A74B510086F623 /* TimeDue.xcdatamodeld */; };
		1DDEBEEC19A74B510086F623 /* Images.xcassets in Resources */ = {isa = PBXBuildFile; fileRef = 1DDEBEEB19A74B510086F623 /* Images.xcassets */; };
		1DDEBEEF19A74B510086F623 /* MainMenu.xib in Resources */ = {isa = PBXBuildFile; fileRef = 1DDEBEED19A74B510086F623 /* MainMenu.xib */; };
		1DDEBEFB19A74B510086F623 /* TimeDueTests.swift in Sources */ = {isa = PBXBuildFile; fileRef = 1DDEBEFA19A74B510086F623 /* TimeDueTests.swift */; };
		1DDEBF0619A74B800086F623 /* ABOUT.txt in Resources */ = {isa = PBXBuildFile; fileRef = 1DDEBF0419A74B800086F623 /* ABOUT.txt */; };
		1DDEBF0719A74B800086F623 /* CHANGELOG.txt in Resources */ = {isa = PBXBuildFile; fileRef = 1DDEBF0519A74B800086F623 /* CHANGELOG.txt */; };
		1DDEBF0A19A763330086F623 /* TDAppConstant.swift in Sources */ = {isa = PBXBuildFile; fileRef = 1DDEBF0919A763330086F623 /* TDAppConstant.swift */; };
		1DDEBF3C19A7766F0086F623 /* Foundation.framework in Frameworks */ = {isa = PBXBuildFile; fileRef = 1DDEBF3B19A7766F0086F623 /* Foundation.framework */; };
		1DDEBF5319A77A1E0086F623 /* AFHTTPRequestOperation.m in Sources */ = {isa = PBXBuildFile; fileRef = 1DDEBF4119A77A1E0086F623 /* AFHTTPRequestOperation.m */; };
		1DDEBF5419A77A1E0086F623 /* AFHTTPRequestOperationManager.m in Sources */ = {isa = PBXBuildFile; fileRef = 1DDEBF4319A77A1E0086F623 /* AFHTTPRequestOperationManager.m */; };
		1DDEBF5519A77A1E0086F623 /* AFHTTPSessionManager.m in Sources */ = {isa = PBXBuildFile; fileRef = 1DDEBF4519A77A1E0086F623 /* AFHTTPSessionManager.m */; };
		1DDEBF5619A77A1E0086F623 /* AFNetworkReachabilityManager.m in Sources */ = {isa = PBXBuildFile; fileRef = 1DDEBF4819A77A1E0086F623 /* AFNetworkReachabilityManager.m */; };
		1DDEBF5719A77A1E0086F623 /* AFSecurityPolicy.m in Sources */ = {isa = PBXBuildFile; fileRef = 1DDEBF4A19A77A1E0086F623 /* AFSecurityPolicy.m */; };
		1DDEBF5819A77A1E0086F623 /* AFURLConnectionOperation.m in Sources */ = {isa = PBXBuildFile; fileRef = 1DDEBF4C19A77A1E0086F623 /* AFURLConnectionOperation.m */; };
		1DDEBF5919A77A1E0086F623 /* AFURLRequestSerialization.m in Sources */ = {isa = PBXBuildFile; fileRef = 1DDEBF4E19A77A1E0086F623 /* AFURLRequestSerialization.m */; };
		1DDEBF5A19A77A1E0086F623 /* AFURLResponseSerialization.m in Sources */ = {isa = PBXBuildFile; fileRef = 1DDEBF5019A77A1E0086F623 /* AFURLResponseSerialization.m */; };
		1DDEBF5B19A77A1E0086F623 /* AFURLSessionManager.m in Sources */ = {isa = PBXBuildFile; fileRef = 1DDEBF5219A77A1E0086F623 /* AFURLSessionManager.m */; };
/* End PBXBuildFile section */

/* Begin PBXContainerItemProxy section */
		1DDEBEF519A74B510086F623 /* PBXContainerItemProxy */ = {
			isa = PBXContainerItemProxy;
			containerPortal = 1DDEBED719A74B510086F623 /* Project object */;
			proxyType = 1;
			remoteGlobalIDString = 1DDEBEDE19A74B510086F623;
			remoteInfo = TimeDue;
		};
/* End PBXContainerItemProxy section */

/* Begin PBXFileReference section */
		1DDEBEDF19A74B510086F623 /* TimeDue.app */ = {isa = PBXFileReference; explicitFileType = wrapper.application; includeInIndex = 0; path = TimeDue.app; sourceTree = BUILT_PRODUCTS_DIR; };
		1DDEBEE319A74B510086F623 /* Info.plist */ = {isa = PBXFileReference; lastKnownFileType = text.plist.xml; path = Info.plist; sourceTree = "<group>"; };
		1DDEBEE419A74B510086F623 /* main.swift */ = {isa = PBXFileReference; lastKnownFileType = sourcecode.swift; path = main.swift; sourceTree = "<group>"; };
		1DDEBEE619A74B510086F623 /* TDAppDelegate.swift */ = {isa = PBXFileReference; lastKnownFileType = sourcecode.swift; path = TDAppDelegate.swift; sourceTree = "<group>"; };
		1DDEBEE919A74B510086F623 /* TimeDue.xcdatamodel */ = {isa = PBXFileReference; lastKnownFileType = wrapper.xcdatamodel; path = TimeDue.xcdatamodel; sourceTree = "<group>"; };
		1DDEBEEB19A74B510086F623 /* Images.xcassets */ = {isa = PBXFileReference; lastKnownFileType = folder.assetcatalog; path = Images.xcassets; sourceTree = "<group>"; };
		1DDEBEEE19A74B510086F623 /* Base */ = {isa = PBXFileReference; lastKnownFileType = file.xib; name = Base; path = Base.lproj/MainMenu.xib; sourceTree = "<group>"; };
		1DDEBEF419A74B510086F623 /* TimeDueTests.xctest */ = {isa = PBXFileReference; explicitFileType = wrapper.cfbundle; includeInIndex = 0; path = TimeDueTests.xctest; sourceTree = BUILT_PRODUCTS_DIR; };
		1DDEBEF919A74B510086F623 /* Info.plist */ = {isa = PBXFileReference; lastKnownFileType = text.plist.xml; path = Info.plist; sourceTree = "<group>"; };
		1DDEBEFA19A74B510086F623 /* TimeDueTests.swift */ = {isa = PBXFileReference; lastKnownFileType = sourcecode.swift; path = TimeDueTests.swift; sourceTree = "<group>"; };
		1DDEBF0419A74B800086F623 /* ABOUT.txt */ = {isa = PBXFileReference; fileEncoding = 4; lastKnownFileType = text; path = ABOUT.txt; sourceTree = "<group>"; };
		1DDEBF0519A74B800086F623 /* CHANGELOG.txt */ = {isa = PBXFileReference; fileEncoding = 4; lastKnownFileType = text; path = CHANGELOG.txt; sourceTree = "<group>"; };
		1DDEBF0919A763330086F623 /* TDAppConstant.swift */ = {isa = PBXFileReference; fileEncoding = 4; lastKnownFileType = sourcecode.swift; name = TDAppConstant.swift; path = Classes/Other/TDAppConstant.swift; sourceTree = "<group>"; };
		1DDEBF3B19A7766F0086F623 /* Foundation.framework */ = {isa = PBXFileReference; lastKnownFileType = wrapper.framework; name = Foundation.framework; path = System/Library/Frameworks/Foundation.framework; sourceTree = SDKROOT; };
		1DDEBF3E19A779860086F623 /* TimeDue-Bridging-Header.h */ = {isa = PBXFileReference; lastKnownFileType = sourcecode.c.h; name = "TimeDue-Bridging-Header.h"; path = "Classes/Other/TimeDue-Bridging-Header.h"; sourceTree = "<group>"; };
		1DDEBF4019A77A1E0086F623 /* AFHTTPRequestOperation.h */ = {isa = PBXFileReference; fileEncoding = 4; lastKnownFileType = sourcecode.c.h; path = AFHTTPRequestOperation.h; sourceTree = "<group>"; };
		1DDEBF4119A77A1E0086F623 /* AFHTTPRequestOperation.m */ = {isa = PBXFileReference; fileEncoding = 4; lastKnownFileType = sourcecode.c.objc; path = AFHTTPRequestOperation.m; sourceTree = "<group>"; };
		1DDEBF4219A77A1E0086F623 /* AFHTTPRequestOperationManager.h */ = {isa = PBXFileReference; fileEncoding = 4; lastKnownFileType = sourcecode.c.h; path = AFHTTPRequestOperationManager.h; sourceTree = "<group>"; };
		1DDEBF4319A77A1E0086F623 /* AFHTTPRequestOperationManager.m */ = {isa = PBXFileReference; fileEncoding = 4; lastKnownFileType = sourcecode.c.objc; path = AFHTTPRequestOperationManager.m; sourceTree = "<group>"; };
		1DDEBF4419A77A1E0086F623 /* AFHTTPSessionManager.h */ = {isa = PBXFileReference; fileEncoding = 4; lastKnownFileType = sourcecode.c.h; path = AFHTTPSessionManager.h; sourceTree = "<group>"; };
		1DDEBF4519A77A1E0086F623 /* AFHTTPSessionManager.m */ = {isa = PBXFileReference; fileEncoding = 4; lastKnownFileType = sourcecode.c.objc; path = AFHTTPSessionManager.m; sourceTree = "<group>"; };
		1DDEBF4619A77A1E0086F623 /* AFNetworking.h */ = {isa = PBXFileReference; fileEncoding = 4; lastKnownFileType = sourcecode.c.h; path = AFNetworking.h; sourceTree = "<group>"; };
		1DDEBF4719A77A1E0086F623 /* AFNetworkReachabilityManager.h */ = {isa = PBXFileReference; fileEncoding = 4; lastKnownFileType = sourcecode.c.h; path = AFNetworkReachabilityManager.h; sourceTree = "<group>"; };
		1DDEBF4819A77A1E0086F623 /* AFNetworkReachabilityManager.m */ = {isa = PBXFileReference; fileEncoding = 4; lastKnownFileType = sourcecode.c.objc; path = AFNetworkReachabilityManager.m; sourceTree = "<group>"; };
		1DDEBF4919A77A1E0086F623 /* AFSecurityPolicy.h */ = {isa = PBXFileReference; fileEncoding = 4; lastKnownFileType = sourcecode.c.h; path = AFSecurityPolicy.h; sourceTree = "<group>"; };
		1DDEBF4A19A77A1E0086F623 /* AFSecurityPolicy.m */ = {isa = PBXFileReference; fileEncoding = 4; lastKnownFileType = sourcecode.c.objc; path = AFSecurityPolicy.m; sourceTree = "<group>"; };
		1DDEBF4B19A77A1E0086F623 /* AFURLConnectionOperation.h */ = {isa = PBXFileReference; fileEncoding = 4; lastKnownFileType = sourcecode.c.h; path = AFURLConnectionOperation.h; sourceTree = "<group>"; };
		1DDEBF4C19A77A1E0086F623 /* AFURLConnectionOperation.m */ = {isa = PBXFileReference; fileEncoding = 4; lastKnownFileType = sourcecode.c.objc; path = AFURLConnectionOperation.m; sourceTree = "<group>"; };
		1DDEBF4D19A77A1E0086F623 /* AFURLRequestSerialization.h */ = {isa = PBXFileReference; fileEncoding = 4; lastKnownFileType = sourcecode.c.h; path = AFURLRequestSerialization.h; sourceTree = "<group>"; };
		1DDEBF4E19A77A1E0086F623 /* AFURLRequestSerialization.m */ = {isa = PBXFileReference; fileEncoding = 4; lastKnownFileType = sourcecode.c.objc; path = AFURLRequestSerialization.m; sourceTree = "<group>"; };
		1DDEBF4F19A77A1E0086F623 /* AFURLResponseSerialization.h */ = {isa = PBXFileReference; fileEncoding = 4; lastKnownFileType = sourcecode.c.h; path = AFURLResponseSerialization.h; sourceTree = "<group>"; };
		1DDEBF5019A77A1E0086F623 /* AFURLResponseSerialization.m */ = {isa = PBXFileReference; fileEncoding = 4; lastKnownFileType = sourcecode.c.objc; path = AFURLResponseSerialization.m; sourceTree = "<group>"; };
		1DDEBF5119A77A1E0086F623 /* AFURLSessionManager.h */ = {isa = PBXFileReference; fileEncoding = 4; lastKnownFileType = sourcecode.c.h; path = AFURLSessionManager.h; sourceTree = "<group>"; };
		1DDEBF5219A77A1E0086F623 /* AFURLSessionManager.m */ = {isa = PBXFileReference; fileEncoding = 4; lastKnownFileType = sourcecode.c.objc; path = AFURLSessionManager.m; sourceTree = "<group>"; };
/* End PBXFileReference section */

/* Begin PBXFrameworksBuildPhase section */
		1DDEBEDC19A74B510086F623 /* Frameworks */ = {
			isa = PBXFrameworksBuildPhase;
			buildActionMask = 2147483647;
			files = (
				1DDEBF3C19A7766F0086F623 /* Foundation.framework in Frameworks */,
			);
			runOnlyForDeploymentPostprocessing = 0;
		};
		1DDEBEF119A74B510086F623 /* Frameworks */ = {
			isa = PBXFrameworksBuildPhase;
			buildActionMask = 2147483647;
			files = (
			);
			runOnlyForDeploymentPostprocessing = 0;
		};
/* End PBXFrameworksBuildPhase section */

/* Begin PBXGroup section */
		1DDEBED619A74B510086F623 = {
			isa = PBXGroup;
			children = (
				1DDEBEE119A74B510086F623 /* TimeDue */,
				1DDEBF3A19A776580086F623 /* Frameworks */,
				1DDEBEF719A74B510086F623 /* TimeDueTests */,
				1DDEBEE019A74B510086F623 /* Products */,
			);
			sourceTree = "<group>";
		};
		1DDEBEE019A74B510086F623 /* Products */ = {
			isa = PBXGroup;
			children = (
				1DDEBEDF19A74B510086F623 /* TimeDue.app */,
				1DDEBEF419A74B510086F623 /* TimeDueTests.xctest */,
			);
			name = Products;
			sourceTree = "<group>";
		};
		1DDEBEE119A74B510086F623 /* TimeDue */ = {
			isa = PBXGroup;
			children = (
				1DDEBF0419A74B800086F623 /* ABOUT.txt */,
				1DDEBF0519A74B800086F623 /* CHANGELOG.txt */,
				1DDEBEE619A74B510086F623 /* TDAppDelegate.swift */,
				1DDEBEEB19A74B510086F623 /* Images.xcassets */,
				1DDEBEED19A74B510086F623 /* MainMenu.xib */,
				1DDEBEE819A74B510086F623 /* TimeDue.xcdatamodeld */,
				1DDEBF5D19A77B720086F623 /* API */,
				1DDEBF0B19A774F00086F623 /* ThirdParty */,
				1DDEBF0819A7628F0086F623 /* Other */,
				1DDEBEE219A74B510086F623 /* Supporting Files */,
			);
			path = TimeDue;
			sourceTree = "<group>";
		};
		1DDEBEE219A74B510086F623 /* Supporting Files */ = {
			isa = PBXGroup;
			children = (
				1DDEBEE319A74B510086F623 /* Info.plist */,
				1DDEBEE419A74B510086F623 /* main.swift */,
			);
			name = "Supporting Files";
			sourceTree = "<group>";
		};
		1DDEBEF719A74B510086F623 /* TimeDueTests */ = {
			isa = PBXGroup;
			children = (
				1DDEBEFA19A74B510086F623 /* TimeDueTests.swift */,
				1DDEBEF819A74B510086F623 /* Supporting Files */,
			);
			path = TimeDueTests;
			sourceTree = "<group>";
		};
		1DDEBEF819A74B510086F623 /* Supporting Files */ = {
			isa = PBXGroup;
			children = (
				1DDEBEF919A74B510086F623 /* Info.plist */,
			);
			name = "Supporting Files";
			sourceTree = "<group>";
		};
		1DDEBF0819A7628F0086F623 /* Other */ = {
			isa = PBXGroup;
			children = (
				1DDEBF0919A763330086F623 /* TDAppConstant.swift */,
				1DDEBF3E19A779860086F623 /* TimeDue-Bridging-Header.h */,
			);
			name = Other;
			sourceTree = "<group>";
		};
		1DDEBF0B19A774F00086F623 /* ThirdParty */ = {
			isa = PBXGroup;
			children = (
				1DDEBF3F19A77A1E0086F623 /* AFNetworking */,
			);
			name = ThirdParty;
			sourceTree = "<group>";
		};
		1DDEBF3A19A776580086F623 /* Frameworks */ = {
			isa = PBXGroup;
			children = (
				1DDEBF3B19A7766F0086F623 /* Foundation.framework */,
			);
			name = Frameworks;
			sourceTree = "<group>";
		};
		1DDEBF3F19A77A1E0086F623 /* AFNetworking */ = {
			isa = PBXGroup;
			children = (
				1DDEBF4019A77A1E0086F623 /* AFHTTPRequestOperation.h */,
				1DDEBF4119A77A1E0086F623 /* AFHTTPRequestOperation.m */,
				1DDEBF4219A77A1E0086F623 /* AFHTTPRequestOperationManager.h */,
				1DDEBF4319A77A1E0086F623 /* AFHTTPRequestOperationManager.m */,
				1DDEBF4419A77A1E0086F623 /* AFHTTPSessionManager.h */,
				1DDEBF4519A77A1E0086F623 /* AFHTTPSessionManager.m */,
				1DDEBF4619A77A1E0086F623 /* AFNetworking.h */,
				1DDEBF4719A77A1E0086F623 /* AFNetworkReachabilityManager.h */,
				1DDEBF4819A77A1E0086F623 /* AFNetworkReachabilityManager.m */,
				1DDEBF4919A77A1E0086F623 /* AFSecurityPolicy.h */,
				1DDEBF4A19A77A1E0086F623 /* AFSecurityPolicy.m */,
				1DDEBF4B19A77A1E0086F623 /* AFURLConnectionOperation.h */,
				1DDEBF4C19A77A1E0086F623 /* AFURLConnectionOperation.m */,
				1DDEBF4D19A77A1E0086F623 /* AFURLRequestSerialization.h */,
				1DDEBF4E19A77A1E0086F623 /* AFURLRequestSerialization.m */,
				1DDEBF4F19A77A1E0086F623 /* AFURLResponseSerialization.h */,
				1DDEBF5019A77A1E0086F623 /* AFURLResponseSerialization.m */,
				1DDEBF5119A77A1E0086F623 /* AFURLSessionManager.h */,
				1DDEBF5219A77A1E0086F623 /* AFURLSessionManager.m */,
			);
			name = AFNetworking;
			path = ThirdPary/AFNetworking/AFNetworking;
			sourceTree = "<group>";
		};
		1DDEBF5D19A77B720086F623 /* API */ = {
			isa = PBXGroup;
			children = (
			);
			name = API;
			sourceTree = "<group>";
		};
/* End PBXGroup section */

/* Begin PBXNativeTarget section */
		1DDEBEDE19A74B510086F623 /* TimeDue */ = {
			isa = PBXNativeTarget;
			buildConfigurationList = 1DDEBEFE19A74B510086F623 /* Build configuration list for PBXNativeTarget "TimeDue" */;
			buildPhases = (
				1DDEBEDB19A74B510086F623 /* Sources */,
				1DDEBEDC19A74B510086F623 /* Frameworks */,
				1DDEBEDD19A74B510086F623 /* Resources */,
			);
			buildRules = (
			);
			dependencies = (
			);
			name = TimeDue;
			productName = TimeDue;
			productReference = 1DDEBEDF19A74B510086F623 /* TimeDue.app */;
			productType = "com.apple.product-type.application";
		};
		1DDEBEF319A74B510086F623 /* TimeDueTests */ = {
			isa = PBXNativeTarget;
			buildConfigurationList = 1DDEBF0119A74B510086F623 /* Build configuration list for PBXNativeTarget "TimeDueTests" */;
			buildPhases = (
				1DDEBEF019A74B510086F623 /* Sources */,
				1DDEBEF119A74B510086F623 /* Frameworks */,
				1DDEBEF219A74B510086F623 /* Resources */,
			);
			buildRules = (
			);
			dependencies = (
				1DDEBEF619A74B510086F623 /* PBXTargetDependency */,
			);
			name = TimeDueTests;
			productName = TimeDueTests;
			productReference = 1DDEBEF419A74B510086F623 /* TimeDueTests.xctest */;
			productType = "com.apple.product-type.bundle.unit-test";
		};
/* End PBXNativeTarget section */

/* Begin PBXProject section */
		1DDEBED719A74B510086F623 /* Project object */ = {
			isa = PBXProject;
			attributes = {
				CLASSPREFIX = TD;
				LastUpgradeCheck = 0600;
				ORGANIZATIONNAME = LeftShift;
				TargetAttributes = {
					1DDEBEDE19A74B510086F623 = {
						CreatedOnToolsVersion = 6.0;
					};
					1DDEBEF319A74B510086F623 = {
						CreatedOnToolsVersion = 6.0;
						TestTargetID = 1DDEBEDE19A74B510086F623;
					};
				};
			};
			buildConfigurationList = 1DDEBEDA19A74B510086F623 /* Build configuration list for PBXProject "TimeDue" */;
			compatibilityVersion = "Xcode 3.2";
			developmentRegion = English;
			hasScannedForEncodings = 0;
			knownRegions = (
				en,
				Base,
			);
			mainGroup = 1DDEBED619A74B510086F623;
			productRefGroup = 1DDEBEE019A74B510086F623 /* Products */;
			projectDirPath = "";
			projectRoot = "";
			targets = (
				1DDEBEDE19A74B510086F623 /* TimeDue */,
				1DDEBEF319A74B510086F623 /* TimeDueTests */,
			);
		};
/* End PBXProject section */

/* Begin PBXResourcesBuildPhase section */
		1DDEBEDD19A74B510086F623 /* Resources */ = {
			isa = PBXResourcesBuildPhase;
			buildActionMask = 2147483647;
			files = (
				1DDEBEEC19A74B510086F623 /* Images.xcassets in Resources */,
				1DDEBF0619A74B800086F623 /* ABOUT.txt in Resources */,
				1DDEBEEF19A74B510086F623 /* MainMenu.xib in Resources */,
				1DDEBF0719A74B800086F623 /* CHANGELOG.txt in Resources */,
			);
			runOnlyForDeploymentPostprocessing = 0;
		};
		1DDEBEF219A74B510086F623 /* Resources */ = {
			isa = PBXResourcesBuildPhase;
			buildActionMask = 2147483647;
			files = (
			);
			runOnlyForDeploymentPostprocessing = 0;
		};
/* End PBXResourcesBuildPhase section */

/* Begin PBXSourcesBuildPhase section */
		1DDEBEDB19A74B510086F623 /* Sources */ = {
			isa = PBXSourcesBuildPhase;
			buildActionMask = 2147483647;
			files = (
				1DDEBEEA19A74B510086F623 /* TimeDue.xcdatamodeld in Sources */,
				1DDEBF5719A77A1E0086F623 /* AFSecurityPolicy.m in Sources */,
				1DDEBF0A19A763330086F623 /* TDAppConstant.swift in Sources */,
				1DDEBF5419A77A1E0086F623 /* AFHTTPRequestOperationManager.m in Sources */,
				1DDEBF5819A77A1E0086F623 /* AFURLConnectionOperation.m in Sources */,
				1DDEBF5319A77A1E0086F623 /* AFHTTPRequestOperation.m in Sources */,
				1DDEBEE719A74B510086F623 /* TDAppDelegate.swift in Sources */,
				1DDEBF5919A77A1E0086F623 /* AFURLRequestSerialization.m in Sources */,
				1DDEBF5519A77A1E0086F623 /* AFHTTPSessionManager.m in Sources */,
				1DDEBF5619A77A1E0086F623 /* AFNetworkReachabilityManager.m in Sources */,
				1DDEBF5A19A77A1E0086F623 /* AFURLResponseSerialization.m in Sources */,
				1DDEBF5B19A77A1E0086F623 /* AFURLSessionManager.m in Sources */,
				1DDEBEE519A74B510086F623 /* main.swift in Sources */,
			);
			runOnlyForDeploymentPostprocessing = 0;
		};
		1DDEBEF019A74B510086F623 /* Sources */ = {
			isa = PBXSourcesBuildPhase;
			buildActionMask = 2147483647;
			files = (
				1DDEBEFB19A74B510086F623 /* TimeDueTests.swift in Sources */,
			);
			runOnlyForDeploymentPostprocessing = 0;
		};
/* End PBXSourcesBuildPhase section */

/* Begin PBXTargetDependency section */
		1DDEBEF619A74B510086F623 /* PBXTargetDependency */ = {
			isa = PBXTargetDependency;
			target = 1DDEBEDE19A74B510086F623 /* TimeDue */;
			targetProxy = 1DDEBEF519A74B510086F623 /* PBXContainerItemProxy */;
		};
/* End PBXTargetDependency section */

/* Begin PBXVariantGroup section */
		1DDEBEED19A74B510086F623 /* MainMenu.xib */ = {
			isa = PBXVariantGroup;
			children = (
				1DDEBEEE19A74B510086F623 /* Base */,
			);
			name = MainMenu.xib;
			sourceTree = "<group>";
		};
/* End PBXVariantGroup section */

/* Begin XCBuildConfiguration section */
		1DDEBEFC19A74B510086F623 /* Debug */ = {
			isa = XCBuildConfiguration;
			buildSettings = {
				ALWAYS_SEARCH_USER_PATHS = NO;
				CLANG_CXX_LANGUAGE_STANDARD = "gnu++0x";
				CLANG_CXX_LIBRARY = "libc++";
				CLANG_ENABLE_MODULES = YES;
				CLANG_ENABLE_OBJC_ARC = YES;
				CLANG_WARN_BOOL_CONVERSION = YES;
				CLANG_WARN_CONSTANT_CONVERSION = YES;
				CLANG_WARN_DIRECT_OBJC_ISA_USAGE = YES_ERROR;
				CLANG_WARN_EMPTY_BODY = YES;
				CLANG_WARN_ENUM_CONVERSION = YES;
				CLANG_WARN_INT_CONVERSION = YES;
				CLANG_WARN_OBJC_ROOT_CLASS = YES_ERROR;
				CLANG_WARN_UNREACHABLE_CODE = YES;
				CLANG_WARN__DUPLICATE_METHOD_MATCH = YES;
				CODE_SIGN_IDENTITY = "-";
				COPY_PHASE_STRIP = NO;
				ENABLE_STRICT_OBJC_MSGSEND = YES;
				GCC_C_LANGUAGE_STANDARD = gnu99;
				GCC_DYNAMIC_NO_PIC = NO;
				GCC_OPTIMIZATION_LEVEL = 0;
				GCC_PREPROCESSOR_DEFINITIONS = (
					"DEBUG=1",
					"$(inherited)",
				);
				GCC_SYMBOLS_PRIVATE_EXTERN = NO;
				GCC_WARN_64_TO_32_BIT_CONVERSION = YES;
				GCC_WARN_ABOUT_RETURN_TYPE = YES_ERROR;
				GCC_WARN_UNDECLARED_SELECTOR = YES;
				GCC_WARN_UNINITIALIZED_AUTOS = YES_AGGRESSIVE;
				GCC_WARN_UNUSED_FUNCTION = YES;
				GCC_WARN_UNUSED_VARIABLE = YES;
				MACOSX_DEPLOYMENT_TARGET = 10.9;
				MTL_ENABLE_DEBUG_INFO = YES;
				ONLY_ACTIVE_ARCH = YES;
				SDKROOT = macosx;
				SWIFT_OPTIMIZATION_LEVEL = "-Onone";
			};
			name = Debug;
		};
		1DDEBEFD19A74B510086F623 /* Release */ = {
			isa = XCBuildConfiguration;
			buildSettings = {
				ALWAYS_SEARCH_USER_PATHS = NO;
				CLANG_CXX_LANGUAGE_STANDARD = "gnu++0x";
				CLANG_CXX_LIBRARY = "libc++";
				CLANG_ENABLE_MODULES = YES;
				CLANG_ENABLE_OBJC_ARC = YES;
				CLANG_WARN_BOOL_CONVERSION = YES;
				CLANG_WARN_CONSTANT_CONVERSION = YES;
				CLANG_WARN_DIRECT_OBJC_ISA_USAGE = YES_ERROR;
				CLANG_WARN_EMPTY_BODY = YES;
				CLANG_WARN_ENUM_CONVERSION = YES;
				CLANG_WARN_INT_CONVERSION = YES;
				CLANG_WARN_OBJC_ROOT_CLASS = YES_ERROR;
				CLANG_WARN_UNREACHABLE_CODE = YES;
				CLANG_WARN__DUPLICATE_METHOD_MATCH = YES;
				CODE_SIGN_IDENTITY = "-";
				COPY_PHASE_STRIP = YES;
				DEBUG_INFORMATION_FORMAT = "dwarf-with-dsym";
				ENABLE_NS_ASSERTIONS = NO;
				ENABLE_STRICT_OBJC_MSGSEND = YES;
				GCC_C_LANGUAGE_STANDARD = gnu99;
				GCC_WARN_64_TO_32_BIT_CONVERSION = YES;
				GCC_WARN_ABOUT_RETURN_TYPE = YES_ERROR;
				GCC_WARN_UNDECLARED_SELECTOR = YES;
				GCC_WARN_UNINITIALIZED_AUTOS = YES_AGGRESSIVE;
				GCC_WARN_UNUSED_FUNCTION = YES;
				GCC_WARN_UNUSED_VARIABLE = YES;
				MACOSX_DEPLOYMENT_TARGET = 10.9;
				MTL_ENABLE_DEBUG_INFO = NO;
				SDKROOT = macosx;
			};
			name = Release;
		};
		1DDEBEFF19A74B510086F623 /* Debug */ = {
			isa = XCBuildConfiguration;
			buildSettings = {
				ASSETCATALOG_COMPILER_APPICON_NAME = AppIcon;
				COMBINE_HIDPI_IMAGES = YES;
				DEFINES_MODULE = YES;
				INFOPLIST_FILE = TimeDue/Info.plist;
				LD_RUNPATH_SEARCH_PATHS = "$(inherited) @executable_path/../Frameworks";
				PRODUCT_NAME = "$(TARGET_NAME)";
				SWIFT_OBJC_BRIDGING_HEADER = "$(PROJECT_DIR)/TimeDue/Classes/Other/TimeDue-Bridging-Header.h";
			};
			name = Debug;
		};
		1DDEBF0019A74B510086F623 /* Release */ = {
			isa = XCBuildConfiguration;
			buildSettings = {
				ASSETCATALOG_COMPILER_APPICON_NAME = AppIcon;
				COMBINE_HIDPI_IMAGES = YES;
				DEFINES_MODULE = YES;
				INFOPLIST_FILE = TimeDue/Info.plist;
				LD_RUNPATH_SEARCH_PATHS = "$(inherited) @executable_path/../Frameworks";
				PRODUCT_NAME = "$(TARGET_NAME)";
				SWIFT_OBJC_BRIDGING_HEADER = "$(PROJECT_DIR)/TimeDue/Classes/Other/TimeDue-Bridging-Header.h";
			};
			name = Release;
		};
		1DDEBF0219A74B510086F623 /* Debug */ = {
			isa = XCBuildConfiguration;
			buildSettings = {
				BUNDLE_LOADER = "$(TEST_HOST)";
				COMBINE_HIDPI_IMAGES = YES;
				FRAMEWORK_SEARCH_PATHS = (
					"$(DEVELOPER_FRAMEWORKS_DIR)",
					"$(inherited)",
				);
				GCC_PREPROCESSOR_DEFINITIONS = (
					"DEBUG=1",
					"$(inherited)",
				);
				INFOPLIST_FILE = TimeDueTests/Info.plist;
				LD_RUNPATH_SEARCH_PATHS = "$(inherited) @executable_path/../Frameworks @loader_path/../Frameworks";
				PRODUCT_NAME = "$(TARGET_NAME)";
				TEST_HOST = "$(BUILT_PRODUCTS_DIR)/TimeDue.app/Contents/MacOS/TimeDue";
			};
			name = Debug;
		};
		1DDEBF0319A74B510086F623 /* Release */ = {
			isa = XCBuildConfiguration;
			buildSettings = {
				BUNDLE_LOADER = "$(TEST_HOST)";
				COMBINE_HIDPI_IMAGES = YES;
				FRAMEWORK_SEARCH_PATHS = (
					"$(DEVELOPER_FRAMEWORKS_DIR)",
					"$(inherited)",
				);
				INFOPLIST_FILE = TimeDueTests/Info.plist;
				LD_RUNPATH_SEARCH_PATHS = "$(inherited) @executable_path/../Frameworks @loader_path/../Frameworks";
				PRODUCT_NAME = "$(TARGET_NAME)";
				TEST_HOST = "$(BUILT_PRODUCTS_DIR)/TimeDue.app/Contents/MacOS/TimeDue";
			};
			name = Release;
		};
/* End XCBuildConfiguration section */

/* Begin XCConfigurationList section */
		1DDEBEDA19A74B510086F623 /* Build configuration list for PBXProject "TimeDue" */ = {
			isa = XCConfigurationList;
			buildConfigurations = (
				1DDEBEFC19A74B510086F623 /* Debug */,
				1DDEBEFD19A74B510086F623 /* Release */,
			);
			defaultConfigurationIsVisible = 0;
			defaultConfigurationName = Release;
		};
		1DDEBEFE19A74B510086F623 /* Build configuration list for PBXNativeTarget "TimeDue" */ = {
			isa = XCConfigurationList;
			buildConfigurations = (
				1DDEBEFF19A74B510086F623 /* Debug */,
				1DDEBF0019A74B510086F623 /* Release */,
			);
			defaultConfigurationIsVisible = 0;
		};
		1DDEBF0119A74B510086F623 /* Build configuration list for PBXNativeTarget "TimeDueTests" */ = {
			isa = XCConfigurationList;
			buildConfigurations = (
				1DDEBF0219A74B510086F623 /* Debug */,
				1DDEBF0319A74B510086F623 /* Release */,
			);
			defaultConfigurationIsVisible = 0;
		};
/* End XCConfigurationList section */

/* Begin XCVersionGroup section */
		1DDEBEE819A74B510086F623 /* TimeDue.xcdatamodeld */ = {
			isa = XCVersionGroup;
			children = (
				1DDEBEE919A74B510086F623 /* TimeDue.xcdatamodel */,
			);
			currentVersion = 1DDEBEE919A74B510086F623 /* TimeDue.xcdatamodel */;
			path = TimeDue.xcdatamodeld;
			sourceTree = "<group>";
			versionGroupType = wrapper.xcdatamodel;
		};
/* End XCVersionGroup section */
	};
	rootObject = 1DDEBED719A74B510086F623 /* Project object */;
}
